{
  "name": "hexo-site",
  "version": "0.0.0",
  "lockfileVersion": 1,
  "requires": true,
  "dependencies": {
    "hexo-include-markdown": {
      "version": "1.0.2",
      "resolved": "https://registry.npmjs.org/hexo-include-markdown/-/hexo-include-markdown-1.0.2.tgz",
      "integrity": "sha1-EIHjsCQywxXQahsssrnZIEeLZEg="
    }
  }
}
